
Microsoft Visual Studio Solution File, Format Version 12.00
# Visual Studio Version 17
VisualStudioVersion = 17.14.36717.8 d17.14
MinimumVisualStudioVersion = 10.0.40219.1
Project("{FAE04EC0-301F-11D3-BF4B-00C04F79EFBC}") = "IT_Test_22503020", "IT_Test_22503020\IT_Test_22503020.csproj", "{6E1589C4-64EE-4364-A49D-E1FD2A9C3D55}"
EndProject
Global
	GlobalSection(SolutionConfigurationPlatforms) = preSolution
		Debug|Any CPU = Debug|Any CPU
		Release|Any CPU = Release|Any CPU
	EndGlobalSection
	GlobalSection(ProjectConfigurationPlatforms) = postSolution
		{6E1589C4-64EE-4364-A49D-E1FD2A9C3D55}.Debug|Any CPU.ActiveCfg = Debug|Any CPU
		{6E1589C4-64EE-4364-A49D-E1FD2A9C3D55}.Debug|Any CPU.Build.0 = Debug|Any CPU
		{6E1589C4-64EE-4364-A49D-E1FD2A9C3D55}.Release|Any CPU.ActiveCfg = Release|Any CPU
		{6E1589C4-64EE-4364-A49D-E1FD2A9C3D55}.Release|Any CPU.Build.0 = Release|Any CPU
	EndGlobalSection
	GlobalSection(SolutionProperties) = preSolution
		HideSolutionNode = FALSE
	EndGlobalSection
	GlobalSection(ExtensibilityGlobals) = postSolution
		SolutionGuid = {4CDC17C2-1F46-4612-BF01-AB20CADD3152}
	EndGlobalSection
EndGlobal
