
Microsoft Visual Studio Solution File, Format Version 12.00
# Visual Studio Version 17
VisualStudioVersion = 17.14.36518.9 d17.14
MinimumVisualStudioVersion = 10.0.40219.1
Project("{FAE04EC0-301F-11D3-BF4B-00C04F79EFBC}") = "4_int_or_not", "4_int_or_not\4_int_or_not.csproj", "{FF08F68B-FCF4-427D-93FA-EFC5754F4EAB}"
EndProject
Global
	GlobalSection(SolutionConfigurationPlatforms) = preSolution
		Debug|Any CPU = Debug|Any CPU
		Release|Any CPU = Release|Any CPU
	EndGlobalSection
	GlobalSection(ProjectConfigurationPlatforms) = postSolution
		{FF08F68B-FCF4-427D-93FA-EFC5754F4EAB}.Debug|Any CPU.ActiveCfg = Debug|Any CPU
		{FF08F68B-FCF4-427D-93FA-EFC5754F4EAB}.Debug|Any CPU.Build.0 = Debug|Any CPU
		{FF08F68B-FCF4-427D-93FA-EFC5754F4EAB}.Release|Any CPU.ActiveCfg = Release|Any CPU
		{FF08F68B-FCF4-427D-93FA-EFC5754F4EAB}.Release|Any CPU.Build.0 = Release|Any CPU
	EndGlobalSection
	GlobalSection(SolutionProperties) = preSolution
		HideSolutionNode = FALSE
	EndGlobalSection
	GlobalSection(ExtensibilityGlobals) = postSolution
		SolutionGuid = {25BE5A35-178C-4FB7-ABBA-71348028A9B7}
	EndGlobalSection
EndGlobal
