
Microsoft Visual Studio Solution File, Format Version 12.00
# Visual Studio Version 16
VisualStudioVersion = 16.0.36631.11
MinimumVisualStudioVersion = 10.0.40219.1
Project("{FAE04EC0-301F-11D3-BF4B-00C04F79EFBC}") = "WindowsFormsApp12", "WindowsFormsApp12\WindowsFormsApp12.csproj", "{82D01973-1CBD-4135-9148-0D18C787DEF6}"
EndProject
Global
	GlobalSection(SolutionConfigurationPlatforms) = preSolution
		Debug|Any CPU = Debug|Any CPU
		Release|Any CPU = Release|Any CPU
	EndGlobalSection
	GlobalSection(ProjectConfigurationPlatforms) = postSolution
		{82D01973-1CBD-4135-9148-0D18C787DEF6}.Debug|Any CPU.ActiveCfg = Debug|Any CPU
		{82D01973-1CBD-4135-9148-0D18C787DEF6}.Debug|Any CPU.Build.0 = Debug|Any CPU
		{82D01973-1CBD-4135-9148-0D18C787DEF6}.Release|Any CPU.ActiveCfg = Release|Any CPU
		{82D01973-1CBD-4135-9148-0D18C787DEF6}.Release|Any CPU.Build.0 = Release|Any CPU
	EndGlobalSection
	GlobalSection(SolutionProperties) = preSolution
		HideSolutionNode = FALSE
	EndGlobalSection
	GlobalSection(ExtensibilityGlobals) = postSolution
		SolutionGuid = {FD64CD19-07B9-4DA5-AF46-0861D92EB4D3}
	EndGlobalSection
EndGlobal
