
Microsoft Visual Studio Solution File, Format Version 12.00
# Visual Studio Version 17
VisualStudioVersion = 17.14.36717.8 d17.14
MinimumVisualStudioVersion = 10.0.40219.1
Project("{FAE04EC0-301F-11D3-BF4B-00C04F79EFBC}") = "2027last_FormsApp", "2027last_FormsApp.csproj", "{9BCDBCB0-1E2D-4289-9D37-BDA5BD812DED}"
EndProject
Global
	GlobalSection(SolutionConfigurationPlatforms) = preSolution
		Debug|Any CPU = Debug|Any CPU
		Release|Any CPU = Release|Any CPU
	EndGlobalSection
	GlobalSection(ProjectConfigurationPlatforms) = postSolution
		{9BCDBCB0-1E2D-4289-9D37-BDA5BD812DED}.Debug|Any CPU.ActiveCfg = Debug|Any CPU
		{9BCDBCB0-1E2D-4289-9D37-BDA5BD812DED}.Debug|Any CPU.Build.0 = Debug|Any CPU
		{9BCDBCB0-1E2D-4289-9D37-BDA5BD812DED}.Release|Any CPU.ActiveCfg = Release|Any CPU
		{9BCDBCB0-1E2D-4289-9D37-BDA5BD812DED}.Release|Any CPU.Build.0 = Release|Any CPU
	EndGlobalSection
	GlobalSection(SolutionProperties) = preSolution
		HideSolutionNode = FALSE
	EndGlobalSection
	GlobalSection(ExtensibilityGlobals) = postSolution
		SolutionGuid = {A66FCD28-0C39-42F0-90FD-6DE653C73F9F}
	EndGlobalSection
EndGlobal
